
Microsoft Visual Studio Solution File, Format Version 12.00
# Visual Studio 14
VisualStudioVersion = 14.0.25123.0
MinimumVisualStudioVersion = 10.0.40219.1
Project("{FAE04EC0-301F-11D3-BF4B-00C04F79EFBC}") = "BottomAppBar", "BottomAppBar\BottomAppBar.csproj", "{B49DF7B7-FF1F-4D2A-A40B-0DA15C237EA2}"
EndProject
Project("{FAE04EC0-301F-11D3-BF4B-00C04F79EFBC}") = "BusyIndicatorControl", "BusyIndicatorControl\BusyIndicatorControl.csproj", "{4ABC9BD1-DEFE-4092-9DCC-ADC0CB567338}"
EndProject
Project("{FAE04EC0-301F-11D3-BF4B-00C04F79EFBC}") = "Converters", "Converters\Converters.csproj", "{5AC4757E-2FAA-4B65-A4FB-E774B76C41AD}"
EndProject
Project("{FAE04EC0-301F-11D3-BF4B-00C04F79EFBC}") = "Cortana (and Speech)", "Cortana\Cortana (and Speech).csproj", "{BE334D79-1D64-4638-B547-75400AA9A58B}"
EndProject
Project("{FAE04EC0-301F-11D3-BF4B-00C04F79EFBC}") = "DyanmicFontSize", "DyanmicFontSize\DyanmicFontSize.csproj", "{14F8D8E6-194A-4A95-A6EA-0D74A9CED8D2}"
EndProject
Project("{FAE04EC0-301F-11D3-BF4B-00C04F79EFBC}") = "FileActivation", "FileActivation\FileActivation.csproj", "{8BBE6C48-CEDA-4A9D-9AF7-E9BD2EF33298}"
EndProject
Project("{FAE04EC0-301F-11D3-BF4B-00C04F79EFBC}") = "BehaviorSample", "BehaviorSample\BehaviorSample.csproj", "{9CF86270-F587-4828-BC6B-14BEAA4FB56E}"
EndProject
Global
	GlobalSection(SolutionConfigurationPlatforms) = preSolution
		Debug|ARM = Debug|ARM
		Debug|x64 = Debug|x64
		Debug|x86 = Debug|x86
		Release|ARM = Release|ARM
		Release|x64 = Release|x64
		Release|x86 = Release|x86
	EndGlobalSection
	GlobalSection(ProjectConfigurationPlatforms) = postSolution
		{B49DF7B7-FF1F-4D2A-A40B-0DA15C237EA2}.Debug|ARM.ActiveCfg = Debug|ARM
		{B49DF7B7-FF1F-4D2A-A40B-0DA15C237EA2}.Debug|ARM.Build.0 = Debug|ARM
		{B49DF7B7-FF1F-4D2A-A40B-0DA15C237EA2}.Debug|ARM.Deploy.0 = Debug|ARM
		{B49DF7B7-FF1F-4D2A-A40B-0DA15C237EA2}.Debug|x64.ActiveCfg = Debug|x64
		{B49DF7B7-FF1F-4D2A-A40B-0DA15C237EA2}.Debug|x64.Build.0 = Debug|x64
		{B49DF7B7-FF1F-4D2A-A40B-0DA15C237EA2}.Debug|x64.Deploy.0 = Debug|x64
		{B49DF7B7-FF1F-4D2A-A40B-0DA15C237EA2}.Debug|x86.ActiveCfg = Debug|x86
		{B49DF7B7-FF1F-4D2A-A40B-0DA15C237EA2}.Debug|x86.Build.0 = Debug|x86
		{B49DF7B7-FF1F-4D2A-A40B-0DA15C237EA2}.Debug|x86.Deploy.0 = Debug|x86
		{B49DF7B7-FF1F-4D2A-A40B-0DA15C237EA2}.Release|ARM.ActiveCfg = Release|ARM
		{B49DF7B7-FF1F-4D2A-A40B-0DA15C237EA2}.Release|ARM.Build.0 = Release|ARM
		{B49DF7B7-FF1F-4D2A-A40B-0DA15C237EA2}.Release|ARM.Deploy.0 = Release|ARM
		{B49DF7B7-FF1F-4D2A-A40B-0DA15C237EA2}.Release|x64.ActiveCfg = Release|x64
		{B49DF7B7-FF1F-4D2A-A40B-0DA15C237EA2}.Release|x64.Build.0 = Release|x64
		{B49DF7B7-FF1F-4D2A-A40B-0DA15C237EA2}.Release|x64.Deploy.0 = Release|x64
		{B49DF7B7-FF1F-4D2A-A40B-0DA15C237EA2}.Release|x86.ActiveCfg = Release|x86
		{B49DF7B7-FF1F-4D2A-A40B-0DA15C237EA2}.Release|x86.Build.0 = Release|x86
		{B49DF7B7-FF1F-4D2A-A40B-0DA15C237EA2}.Release|x86.Deploy.0 = Release|x86
		{4ABC9BD1-DEFE-4092-9DCC-ADC0CB567338}.Debug|ARM.ActiveCfg = Debug|ARM
		{4ABC9BD1-DEFE-4092-9DCC-ADC0CB567338}.Debug|ARM.Build.0 = Debug|ARM
		{4ABC9BD1-DEFE-4092-9DCC-ADC0CB567338}.Debug|ARM.Deploy.0 = Debug|ARM
		{4ABC9BD1-DEFE-4092-9DCC-ADC0CB567338}.Debug|x64.ActiveCfg = Debug|x64
		{4ABC9BD1-DEFE-4092-9DCC-ADC0CB567338}.Debug|x64.Build.0 = Debug|x64
		{4ABC9BD1-DEFE-4092-9DCC-ADC0CB567338}.Debug|x64.Deploy.0 = Debug|x64
		{4ABC9BD1-DEFE-4092-9DCC-ADC0CB567338}.Debug|x86.ActiveCfg = Debug|x86
		{4ABC9BD1-DEFE-4092-9DCC-ADC0CB567338}.Debug|x86.Build.0 = Debug|x86
		{4ABC9BD1-DEFE-4092-9DCC-ADC0CB567338}.Debug|x86.Deploy.0 = Debug|x86
		{4ABC9BD1-DEFE-4092-9DCC-ADC0CB567338}.Release|ARM.ActiveCfg = Release|ARM
		{4ABC9BD1-DEFE-4092-9DCC-ADC0CB567338}.Release|ARM.Build.0 = Release|ARM
		{4ABC9BD1-DEFE-4092-9DCC-ADC0CB567338}.Release|ARM.Deploy.0 = Release|ARM
		{4ABC9BD1-DEFE-4092-9DCC-ADC0CB567338}.Release|x64.ActiveCfg = Release|x64
		{4ABC9BD1-DEFE-4092-9DCC-ADC0CB567338}.Release|x64.Build.0 = Release|x64
		{4ABC9BD1-DEFE-4092-9DCC-ADC0CB567338}.Release|x64.Deploy.0 = Release|x64
		{4ABC9BD1-DEFE-4092-9DCC-ADC0CB567338}.Release|x86.ActiveCfg = Release|x86
		{4ABC9BD1-DEFE-4092-9DCC-ADC0CB567338}.Release|x86.Build.0 = Release|x86
		{4ABC9BD1-DEFE-4092-9DCC-ADC0CB567338}.Release|x86.Deploy.0 = Release|x86
		{5AC4757E-2FAA-4B65-A4FB-E774B76C41AD}.Debug|ARM.ActiveCfg = Debug|ARM
		{5AC4757E-2FAA-4B65-A4FB-E774B76C41AD}.Debug|ARM.Build.0 = Debug|ARM
		{5AC4757E-2FAA-4B65-A4FB-E774B76C41AD}.Debug|ARM.Deploy.0 = Debug|ARM
		{5AC4757E-2FAA-4B65-A4FB-E774B76C41AD}.Debug|x64.ActiveCfg = Debug|x64
		{5AC4757E-2FAA-4B65-A4FB-E774B76C41AD}.Debug|x64.Build.0 = Debug|x64
		{5AC4757E-2FAA-4B65-A4FB-E774B76C41AD}.Debug|x64.Deploy.0 = Debug|x64
		{5AC4757E-2FAA-4B65-A4FB-E774B76C41AD}.Debug|x86.ActiveCfg = Debug|x86
		{5AC4757E-2FAA-4B65-A4FB-E774B76C41AD}.Debug|x86.Build.0 = Debug|x86
		{5AC4757E-2FAA-4B65-A4FB-E774B76C41AD}.Debug|x86.Deploy.0 = Debug|x86
		{5AC4757E-2FAA-4B65-A4FB-E774B76C41AD}.Release|ARM.ActiveCfg = Release|ARM
		{5AC4757E-2FAA-4B65-A4FB-E774B76C41AD}.Release|ARM.Build.0 = Release|ARM
		{5AC4757E-2FAA-4B65-A4FB-E774B76C41AD}.Release|ARM.Deploy.0 = Release|ARM
		{5AC4757E-2FAA-4B65-A4FB-E774B76C41AD}.Release|x64.ActiveCfg = Release|x64
		{5AC4757E-2FAA-4B65-A4FB-E774B76C41AD}.Release|x64.Build.0 = Release|x64
		{5AC4757E-2FAA-4B65-A4FB-E774B76C41AD}.Release|x64.Deploy.0 = Release|x64
		{5AC4757E-2FAA-4B65-A4FB-E774B76C41AD}.Release|x86.ActiveCfg = Release|x86
		{5AC4757E-2FAA-4B65-A4FB-E774B76C41AD}.Release|x86.Build.0 = Release|x86
		{5AC4757E-2FAA-4B65-A4FB-E774B76C41AD}.Release|x86.Deploy.0 = Release|x86
		{BE334D79-1D64-4638-B547-75400AA9A58B}.Debug|ARM.ActiveCfg = Debug|ARM
		{BE334D79-1D64-4638-B547-75400AA9A58B}.Debug|ARM.Build.0 = Debug|ARM
		{BE334D79-1D64-4638-B547-75400AA9A58B}.Debug|ARM.Deploy.0 = Debug|ARM
		{BE334D79-1D64-4638-B547-75400AA9A58B}.Debug|x64.ActiveCfg = Debug|x64
		{BE334D79-1D64-4638-B547-75400AA9A58B}.Debug|x64.Build.0 = Debug|x64
		{BE334D79-1D64-4638-B547-75400AA9A58B}.Debug|x64.Deploy.0 = Debug|x64
		{BE334D79-1D64-4638-B547-75400AA9A58B}.Debug|x86.ActiveCfg = Debug|x86
		{BE334D79-1D64-4638-B547-75400AA9A58B}.Debug|x86.Build.0 = Debug|x86
		{BE334D79-1D64-4638-B547-75400AA9A58B}.Debug|x86.Deploy.0 = Debug|x86
		{BE334D79-1D64-4638-B547-75400AA9A58B}.Release|ARM.ActiveCfg = Release|ARM
		{BE334D79-1D64-4638-B547-75400AA9A58B}.Release|ARM.Build.0 = Release|ARM
		{BE334D79-1D64-4638-B547-75400AA9A58B}.Release|ARM.Deploy.0 = Release|ARM
		{BE334D79-1D64-4638-B547-75400AA9A58B}.Release|x64.ActiveCfg = Release|x64
		{BE334D79-1D64-4638-B547-75400AA9A58B}.Release|x64.Build.0 = Release|x64
		{BE334D79-1D64-4638-B547-75400AA9A58B}.Release|x64.Deploy.0 = Release|x64
		{BE334D79-1D64-4638-B547-75400AA9A58B}.Release|x86.ActiveCfg = Release|x86
		{BE334D79-1D64-4638-B547-75400AA9A58B}.Release|x86.Build.0 = Release|x86
		{BE334D79-1D64-4638-B547-75400AA9A58B}.Release|x86.Deploy.0 = Release|x86
		{14F8D8E6-194A-4A95-A6EA-0D74A9CED8D2}.Debug|ARM.ActiveCfg = Debug|ARM
		{14F8D8E6-194A-4A95-A6EA-0D74A9CED8D2}.Debug|ARM.Build.0 = Debug|ARM
		{14F8D8E6-194A-4A95-A6EA-0D74A9CED8D2}.Debug|ARM.Deploy.0 = Debug|ARM
		{14F8D8E6-194A-4A95-A6EA-0D74A9CED8D2}.Debug|x64.ActiveCfg = Debug|x64
		{14F8D8E6-194A-4A95-A6EA-0D74A9CED8D2}.Debug|x64.Build.0 = Debug|x64
		{14F8D8E6-194A-4A95-A6EA-0D74A9CED8D2}.Debug|x64.Deploy.0 = Debug|x64
		{14F8D8E6-194A-4A95-A6EA-0D74A9CED8D2}.Debug|x86.ActiveCfg = Debug|x86
		{14F8D8E6-194A-4A95-A6EA-0D74A9CED8D2}.Debug|x86.Build.0 = Debug|x86
		{14F8D8E6-194A-4A95-A6EA-0D74A9CED8D2}.Debug|x86.Deploy.0 = Debug|x86
		{14F8D8E6-194A-4A95-A6EA-0D74A9CED8D2}.Release|ARM.ActiveCfg = Release|ARM
		{14F8D8E6-194A-4A95-A6EA-0D74A9CED8D2}.Release|ARM.Build.0 = Release|ARM
		{14F8D8E6-194A-4A95-A6EA-0D74A9CED8D2}.Release|ARM.Deploy.0 = Release|ARM
		{14F8D8E6-194A-4A95-A6EA-0D74A9CED8D2}.Release|x64.ActiveCfg = Release|x64
		{14F8D8E6-194A-4A95-A6EA-0D74A9CED8D2}.Release|x64.Build.0 = Release|x64
		{14F8D8E6-194A-4A95-A6EA-0D74A9CED8D2}.Release|x64.Deploy.0 = Release|x64
		{14F8D8E6-194A-4A95-A6EA-0D74A9CED8D2}.Release|x86.ActiveCfg = Release|x86
		{14F8D8E6-194A-4A95-A6EA-0D74A9CED8D2}.Release|x86.Build.0 = Release|x86
		{14F8D8E6-194A-4A95-A6EA-0D74A9CED8D2}.Release|x86.Deploy.0 = Release|x86
		{8BBE6C48-CEDA-4A9D-9AF7-E9BD2EF33298}.Debug|ARM.ActiveCfg = Debug|ARM
		{8BBE6C48-CEDA-4A9D-9AF7-E9BD2EF33298}.Debug|ARM.Build.0 = Debug|ARM
		{8BBE6C48-CEDA-4A9D-9AF7-E9BD2EF33298}.Debug|ARM.Deploy.0 = Debug|ARM
		{8BBE6C48-CEDA-4A9D-9AF7-E9BD2EF33298}.Debug|x64.ActiveCfg = Debug|x64
		{8BBE6C48-CEDA-4A9D-9AF7-E9BD2EF33298}.Debug|x64.Build.0 = Debug|x64
		{8BBE6C48-CEDA-4A9D-9AF7-E9BD2EF33298}.Debug|x64.Deploy.0 = Debug|x64
		{8BBE6C48-CEDA-4A9D-9AF7-E9BD2EF33298}.Debug|x86.ActiveCfg = Debug|x86
		{8BBE6C48-CEDA-4A9D-9AF7-E9BD2EF33298}.Debug|x86.Build.0 = Debug|x86
		{8BBE6C48-CEDA-4A9D-9AF7-E9BD2EF33298}.Debug|x86.Deploy.0 = Debug|x86
		{8BBE6C48-CEDA-4A9D-9AF7-E9BD2EF33298}.Release|ARM.ActiveCfg = Release|ARM
		{8BBE6C48-CEDA-4A9D-9AF7-E9BD2EF33298}.Release|ARM.Build.0 = Release|ARM
		{8BBE6C48-CEDA-4A9D-9AF7-E9BD2EF33298}.Release|ARM.Deploy.0 = Release|ARM
		{8BBE6C48-CEDA-4A9D-9AF7-E9BD2EF33298}.Release|x64.ActiveCfg = Release|x64
		{8BBE6C48-CEDA-4A9D-9AF7-E9BD2EF33298}.Release|x64.Build.0 = Release|x64
		{8BBE6C48-CEDA-4A9D-9AF7-E9BD2EF33298}.Release|x64.Deploy.0 = Release|x64
		{8BBE6C48-CEDA-4A9D-9AF7-E9BD2EF33298}.Release|x86.ActiveCfg = Release|x86
		{8BBE6C48-CEDA-4A9D-9AF7-E9BD2EF33298}.Release|x86.Build.0 = Release|x86
		{8BBE6C48-CEDA-4A9D-9AF7-E9BD2EF33298}.Release|x86.Deploy.0 = Release|x86
		{9CF86270-F587-4828-BC6B-14BEAA4FB56E}.Debug|ARM.ActiveCfg = Debug|ARM
		{9CF86270-F587-4828-BC6B-14BEAA4FB56E}.Debug|ARM.Build.0 = Debug|ARM
		{9CF86270-F587-4828-BC6B-14BEAA4FB56E}.Debug|ARM.Deploy.0 = Debug|ARM
		{9CF86270-F587-4828-BC6B-14BEAA4FB56E}.Debug|x64.ActiveCfg = Debug|x64
		{9CF86270-F587-4828-BC6B-14BEAA4FB56E}.Debug|x64.Build.0 = Debug|x64
		{9CF86270-F587-4828-BC6B-14BEAA4FB56E}.Debug|x64.Deploy.0 = Debug|x64
		{9CF86270-F587-4828-BC6B-14BEAA4FB56E}.Debug|x86.ActiveCfg = Debug|x86
		{9CF86270-F587-4828-BC6B-14BEAA4FB56E}.Debug|x86.Build.0 = Debug|x86
		{9CF86270-F587-4828-BC6B-14BEAA4FB56E}.Debug|x86.Deploy.0 = Debug|x86
		{9CF86270-F587-4828-BC6B-14BEAA4FB56E}.Release|ARM.ActiveCfg = Release|ARM
		{9CF86270-F587-4828-BC6B-14BEAA4FB56E}.Release|ARM.Build.0 = Release|ARM
		{9CF86270-F587-4828-BC6B-14BEAA4FB56E}.Release|ARM.Deploy.0 = Release|ARM
		{9CF86270-F587-4828-BC6B-14BEAA4FB56E}.Release|x64.ActiveCfg = Release|x64
		{9CF86270-F587-4828-BC6B-14BEAA4FB56E}.Release|x64.Build.0 = Release|x64
		{9CF86270-F587-4828-BC6B-14BEAA4FB56E}.Release|x64.Deploy.0 = Release|x64
		{9CF86270-F587-4828-BC6B-14BEAA4FB56E}.Release|x86.ActiveCfg = Release|x86
		{9CF86270-F587-4828-BC6B-14BEAA4FB56E}.Release|x86.Build.0 = Release|x86
		{9CF86270-F587-4828-BC6B-14BEAA4FB56E}.Release|x86.Deploy.0 = Release|x86
	EndGlobalSection
	GlobalSection(SolutionProperties) = preSolution
		HideSolutionNode = FALSE
	EndGlobalSection
EndGlobal
